// !$*UTF8*$!
{
	archiveVersion = 1;
	classes = {
	};
	objectVersion = 46;
	objects = {

/* Begin PBXBuildFile section */
		DF08E71F1D08147E00ACDFEB /* AppDelegate.swift in Sources */ = {isa = PBXBuildFile; fileRef = DF08E71E1D08147E00ACDFEB /* AppDelegate.swift */; };
		DF08E7211D08147E00ACDFEB /* BreakoutViewController.swift in Sources */ = {isa = PBXBuildFile; fileRef = DF08E7201D08147E00ACDFEB /* BreakoutViewController.swift */; };
		DF08E7241D08147E00ACDFEB /* Main.storyboard in Resources */ = {isa = PBXBuildFile; fileRef = DF08E7221D08147E00ACDFEB /* Main.storyboard */; };
		DF08E7261D08147E00ACDFEB /* Assets.xcassets in Resources */ = {isa = PBXBuildFile; fileRef = DF08E7251D08147E00ACDFEB /* Assets.xcassets */; };
		DF08E7291D08147E00ACDFEB /* LaunchScreen.storyboard in Resources */ = {isa = PBXBuildFile; fileRef = DF08E7271D08147E00ACDFEB /* LaunchScreen.storyboard */; };
		DF08E7331D08151100ACDFEB /* BallView.swift in Sources */ = {isa = PBXBuildFile; fileRef = DF08E7301D08151100ACDFEB /* BallView.swift */; };
		DF08E7341D08151100ACDFEB /* BrickView.swift in Sources */ = {isa = PBXBuildFile; fileRef = DF08E7311D08151100ACDFEB /* BrickView.swift */; };
		DF08E7351D08151100ACDFEB /* PaddleView.swift in Sources */ = {isa = PBXBuildFile; fileRef = DF08E7321D08151100ACDFEB /* PaddleView.swift */; };
		DF08E7371D0817D300ACDFEB /* BreakoutView.swift in Sources */ = {isa = PBXBuildFile; fileRef = DF08E7361D0817D300ACDFEB /* BreakoutView.swift */; };
		DF08E7391D0818E600ACDFEB /* BreakoutBehavior.swift in Sources */ = {isa = PBXBuildFile; fileRef = DF08E7381D0818E600ACDFEB /* BreakoutBehavior.swift */; };
		DF08E73B1D08197F00ACDFEB /* Settings.swift in Sources */ = {isa = PBXBuildFile; fileRef = DF08E73A1D08197F00ACDFEB /* Settings.swift */; };
		DF08E73D1D081A3000ACDFEB /* SettingsTableViewController.swift in Sources */ = {isa = PBXBuildFile; fileRef = DF08E73C1D081A3000ACDFEB /* SettingsTableViewController.swift */; };
		DF08E73F1D081A5800ACDFEB /* Levels.swift in Sources */ = {isa = PBXBuildFile; fileRef = DF08E73E1D081A5800ACDFEB /* Levels.swift */; };
		DF08E7411D0822BA00ACDFEB /* Extensions.swift in Sources */ = {isa = PBXBuildFile; fileRef = DF08E7401D0822BA00ACDFEB /* Extensions.swift */; };
/* End PBXBuildFile section */

/* Begin PBXFileReference section */
		DF08E71B1D08147E00ACDFEB /* brackout.app */ = {isa = PBXFileReference; explicitFileType = wrapper.application; includeInIndex = 0; path = brackout.app; sourceTree = BUILT_PRODUCTS_DIR; };
		DF08E71E1D08147E00ACDFEB /* AppDelegate.swift */ = {isa = PBXFileReference; lastKnownFileType = sourcecode.swift; path = AppDelegate.swift; sourceTree = "<group>"; };
		DF08E7201D08147E00ACDFEB /* BreakoutViewController.swift */ = {isa = PBXFileReference; lastKnownFileType = sourcecode.swift; path = BreakoutViewController.swift; sourceTree = "<group>"; };
		DF08E7231D08147E00ACDFEB /* Base */ = {isa = PBXFileReference; lastKnownFileType = file.storyboard; name = Base; path = Base.lproj/Main.storyboard; sourceTree = "<group>"; };
		DF08E7251D08147E00ACDFEB /* Assets.xcassets */ = {isa = PBXFileReference; lastKnownFileType = folder.assetcatalog; path = Assets.xcassets; sourceTree = "<group>"; };
		DF08E7281D08147E00ACDFEB /* Base */ = {isa = PBXFileReference; lastKnownFileType = file.storyboard; name = Base; path = Base.lproj/LaunchScreen.storyboard; sourceTree = "<group>"; };
		DF08E72A1D08147E00ACDFEB /* Info.plist */ = {isa = PBXFileReference; lastKnownFileType = text.plist.xml; path = Info.plist; sourceTree = "<group>"; };
		DF08E7301D08151100ACDFEB /* BallView.swift */ = {isa = PBXFileReference; fileEncoding = 4; lastKnownFileType = sourcecode.swift; path = BallView.swift; sourceTree = "<group>"; };
		DF08E7311D08151100ACDFEB /* BrickView.swift */ = {isa = PBXFileReference; fileEncoding = 4; lastKnownFileType = sourcecode.swift; path = BrickView.swift; sourceTree = "<group>"; };
		DF08E7321D08151100ACDFEB /* PaddleView.swift */ = {isa = PBXFileReference; fileEncoding = 4; lastKnownFileType = sourcecode.swift; path = PaddleView.swift; sourceTree = "<group>"; };
		DF08E7361D0817D300ACDFEB /* BreakoutView.swift */ = {isa = PBXFileReference; fileEncoding = 4; lastKnownFileType = sourcecode.swift; path = BreakoutView.swift; sourceTree = "<group>"; };
		DF08E7381D0818E600ACDFEB /* BreakoutBehavior.swift */ = {isa = PBXFileReference; fileEncoding = 4; lastKnownFileType = sourcecode.swift; path = BreakoutBehavior.swift; sourceTree = "<group>"; };
		DF08E73A1D08197F00ACDFEB /* Settings.swift */ = {isa = PBXFileReference; fileEncoding = 4; lastKnownFileType = sourcecode.swift; path = Settings.swift; sourceTree = "<group>"; };
		DF08E73C1D081A3000ACDFEB /* SettingsTableViewController.swift */ = {isa = PBXFileReference; fileEncoding = 4; lastKnownFileType = sourcecode.swift; path = SettingsTableViewController.swift; sourceTree = "<group>"; };
		DF08E73E1D081A5800ACDFEB /* Levels.swift */ = {isa = PBXFileReference; fileEncoding = 4; lastKnownFileType = sourcecode.swift; path = Levels.swift; sourceTree = "<group>"; };
		DF08E7401D0822BA00ACDFEB /* Extensions.swift */ = {isa = PBXFileReference; fileEncoding = 4; lastKnownFileType = sourcecode.swift; path = Extensions.swift; sourceTree = "<group>"; };
/* End PBXFileReference section */

/* Begin PBXFrameworksBuildPhase section */
		DF08E7181D08147E00ACDFEB /* Frameworks */ = {
			isa = PBXFrameworksBuildPhase;
			buildActionMask = 2147483647;
			files = (
			);
			runOnlyForDeploymentPostprocessing = 0;
		};
/* End PBXFrameworksBuildPhase section */

/* Begin PBXGroup section */
		DF08E7121D08147E00ACDFEB = {
			isa = PBXGroup;
			children = (
				DF08E71D1D08147E00ACDFEB /* brackout */,
				DF08E71C1D08147E00ACDFEB /* Products */,
			);
			sourceTree = "<group>";
		};
		DF08E71C1D08147E00ACDFEB /* Products */ = {
			isa = PBXGroup;
			children = (
				DF08E71B1D08147E00ACDFEB /* brackout.app */,
			);
			name = Products;
			sourceTree = "<group>";
		};
		DF08E71D1D08147E00ACDFEB /* brackout */ = {
			isa = PBXGroup;
			children = (
				DF08E71E1D08147E00ACDFEB /* AppDelegate.swift */,
				DF08E7201D08147E00ACDFEB /* BreakoutViewController.swift */,
				DF08E7221D08147E00ACDFEB /* Main.storyboard */,
				DF08E7251D08147E00ACDFEB /* Assets.xcassets */,
				DF08E7271D08147E00ACDFEB /* LaunchScreen.storyboard */,
				DF08E72A1D08147E00ACDFEB /* Info.plist */,
				DF08E7301D08151100ACDFEB /* BallView.swift */,
				DF08E7311D08151100ACDFEB /* BrickView.swift */,
				DF08E7321D08151100ACDFEB /* PaddleView.swift */,
				DF08E7361D0817D300ACDFEB /* BreakoutView.swift */,
				DF08E7381D0818E600ACDFEB /* BreakoutBehavior.swift */,
				DF08E73A1D08197F00ACDFEB /* Settings.swift */,
				DF08E73C1D081A3000ACDFEB /* SettingsTableViewController.swift */,
				DF08E73E1D081A5800ACDFEB /* Levels.swift */,
				DF08E7401D0822BA00ACDFEB /* Extensions.swift */,
			);
			path = brackout;
			sourceTree = "<group>";
		};
/* End PBXGroup section */

/* Begin PBXNativeTarget section */
		DF08E71A1D08147E00ACDFEB /* brackout */ = {
			isa = PBXNativeTarget;
			buildConfigurationList = DF08E72D1D08147E00ACDFEB /* Build configuration list for PBXNativeTarget "brackout" */;
			buildPhases = (
				DF08E7171D08147E00ACDFEB /* Sources */,
				DF08E7181D08147E00ACDFEB /* Frameworks */,
				DF08E7191D08147E00ACDFEB /* Resources */,
			);
			buildRules = (
			);
			dependencies = (
			);
			name = brackout;
			productName = brackout;
			productReference = DF08E71B1D08147E00ACDFEB /* brackout.app */;
			productType = "com.apple.product-type.application";
		};
/* End PBXNativeTarget section */

/* Begin PBXProject section */
		DF08E7131D08147E00ACDFEB /* Project object */ = {
			isa = PBXProject;
			attributes = {
				LastSwiftUpdateCheck = 0730;
				LastUpgradeCheck = 0730;
				ORGANIZATIONNAME = "Daniil Pimenau";
				TargetAttributes = {
					DF08E71A1D08147E00ACDFEB = {
						CreatedOnToolsVersion = 7.3.1;
						DevelopmentTeam = 6C6H2F5Z67;
					};
				};
			};
			buildConfigurationList = DF08E7161D08147E00ACDFEB /* Build configuration list for PBXProject "brackout" */;
			compatibilityVersion = "Xcode 3.2";
			developmentRegion = English;
			hasScannedForEncodings = 0;
			knownRegions = (
				en,
				Base,
			);
			mainGroup = DF08E7121D08147E00ACDFEB;
			productRefGroup = DF08E71C1D08147E00ACDFEB /* Products */;
			projectDirPath = "";
			projectRoot = "";
			targets = (
				DF08E71A1D08147E00ACDFEB /* brackout */,
			);
		};
/* End PBXProject section */

/* Begin PBXResourcesBuildPhase section */
		DF08E7191D08147E00ACDFEB /* Resources */ = {
			isa = PBXResourcesBuildPhase;
			buildActionMask = 2147483647;
			files = (
				DF08E7291D08147E00ACDFEB /* LaunchScreen.storyboard in Resources */,
				DF08E7261D08147E00ACDFEB /* Assets.xcassets in Resources */,
				DF08E7241D08147E00ACDFEB /* Main.storyboard in Resources */,
			);
			runOnlyForDeploymentPostprocessing = 0;
		};
/* End PBXResourcesBuildPhase section */

/* Begin PBXSourcesBuildPhase section */
		DF08E7171D08147E00ACDFEB /* Sources */ = {
			isa = PBXSourcesBuildPhase;
			buildActionMask = 2147483647;
			files = (
				DF08E73F1D081A5800ACDFEB /* Levels.swift in Sources */,
				DF08E7391D0818E600ACDFEB /* BreakoutBehavior.swift in Sources */,
				DF08E7341D08151100ACDFEB /* BrickView.swift in Sources */,
				DF08E73B1D08197F00ACDFEB /* Settings.swift in Sources */,
				DF08E7331D08151100ACDFEB /* BallView.swift in Sources */,
				DF08E7351D08151100ACDFEB /* PaddleView.swift in Sources */,
				DF08E7371D0817D300ACDFEB /* BreakoutView.swift in Sources */,
				DF08E7211D08147E00ACDFEB /* BreakoutViewController.swift in Sources */,
				DF08E71F1D08147E00ACDFEB /* AppDelegate.swift in Sources */,
				DF08E7411D0822BA00ACDFEB /* Extensions.swift in Sources */,
				DF08E73D1D081A3000ACDFEB /* SettingsTableViewController.swift in Sources */,
			);
			runOnlyForDeploymentPostprocessing = 0;
		};
/* End PBXSourcesBuildPhase section */

/* Begin PBXVariantGroup section */
		DF08E7221D08147E00ACDFEB /* Main.storyboard */ = {
			isa = PBXVariantGroup;
			children = (
				DF08E7231D08147E00ACDFEB /* Base */,
			);
			name = Main.storyboard;
			sourceTree = "<group>";
		};
		DF08E7271D08147E00ACDFEB /* LaunchScreen.storyboard */ = {
			isa = PBXVariantGroup;
			children = (
				DF08E7281D08147E00ACDFEB /* Base */,
			);
			name = LaunchScreen.storyboard;
			sourceTree = "<group>";
		};
/* End PBXVariantGroup section */

/* Begin XCBuildConfiguration section */
		DF08E72B1D08147E00ACDFEB /* Debug */ = {
			isa = XCBuildConfiguration;
			buildSettings = {
				ALWAYS_SEARCH_USER_PATHS = NO;
				CLANG_ANALYZER_NONNULL = YES;
				CLANG_CXX_LANGUAGE_STANDARD = "gnu++0x";
				CLANG_CXX_LIBRARY = "libc++";
				CLANG_ENABLE_MODULES = YES;
				CLANG_ENABLE_OBJC_ARC = YES;
				CLANG_WARN_BOOL_CONVERSION = YES;
				CLANG_WARN_CONSTANT_CONVERSION = YES;
				CLANG_WARN_DIRECT_OBJC_ISA_USAGE = YES_ERROR;
				CLANG_WARN_EMPTY_BODY = YES;
				CLANG_WARN_ENUM_CONVERSION = YES;
				CLANG_WARN_INT_CONVERSION = YES;
				CLANG_WARN_OBJC_ROOT_CLASS = YES_ERROR;
				CLANG_WARN_UNREACHABLE_CODE = YES;
				CLANG_WARN__DUPLICATE_METHOD_MATCH = YES;
				"CODE_SIGN_IDENTITY[sdk=iphoneos*]" = "iPhone Developer";
				COPY_PHASE_STRIP = NO;
				DEBUG_INFORMATION_FORMAT = dwarf;
				ENABLE_STRICT_OBJC_MSGSEND = YES;
				ENABLE_TESTABILITY = YES;
				GCC_C_LANGUAGE_STANDARD = gnu99;
				GCC_DYNAMIC_NO_PIC = NO;
				GCC_NO_COMMON_BLOCKS = YES;
				GCC_OPTIMIZATION_LEVEL = 0;
				GCC_PREPROCESSOR_DEFINITIONS = (
					"DEBUG=1",
					"$(inherited)",
				);
				GCC_WARN_64_TO_32_BIT_CONVERSION = YES;
				GCC_WARN_ABOUT_RETURN_TYPE = YES_ERROR;
				GCC_WARN_UNDECLARED_SELECTOR = YES;
				GCC_WARN_UNINITIALIZED_AUTOS = YES_AGGRESSIVE;
				GCC_WARN_UNUSED_FUNCTION = YES;
				GCC_WARN_UNUSED_VARIABLE = YES;
				IPHONEOS_DEPLOYMENT_TARGET = 9.3;
				MTL_ENABLE_DEBUG_INFO = YES;
				ONLY_ACTIVE_ARCH = YES;
				SDKROOT = iphoneos;
				SWIFT_OPTIMIZATION_LEVEL = "-Onone";
				TARGETED_DEVICE_FAMILY = "1,2";
			};
			name = Debug;
		};
		DF08E72C1D08147E00ACDFEB /* Release */ = {
			isa = XCBuildConfiguration;
			buildSettings = {
				ALWAYS_SEARCH_USER_PATHS = NO;
				CLANG_ANALYZER_NONNULL = YES;
				CLANG_CXX_LANGUAGE_STANDARD = "gnu++0x";
				CLANG_CXX_LIBRARY = "libc++";
				CLANG_ENABLE_MODULES = YES;
				CLANG_ENABLE_OBJC_ARC = YES;
				CLANG_WARN_BOOL_CONVERSION = YES;
				CLANG_WARN_CONSTANT_CONVERSION = YES;
				CLANG_WARN_DIRECT_OBJC_ISA_USAGE = YES_ERROR;
				CLANG_WARN_EMPTY_BODY = YES;
				CLANG_WARN_ENUM_CONVERSION = YES;
				CLANG_WARN_INT_CONVERSION = YES;
				CLANG_WARN_OBJC_ROOT_CLASS = YES_ERROR;
				CLANG_WARN_UNREACHABLE_CODE = YES;
				CLANG_WARN__DUPLICATE_METHOD_MATCH = YES;
				"CODE_SIGN_IDENTITY[sdk=iphoneos*]" = "iPhone Developer";
				COPY_PHASE_STRIP = NO;
				DEBUG_INFORMATION_FORMAT = "dwarf-with-dsym";
				ENABLE_NS_ASSERTIONS = NO;
				ENABLE_STRICT_OBJC_MSGSEND = YES;
				GCC_C_LANGUAGE_STANDARD = gnu99;
				GCC_NO_COMMON_BLOCKS = YES;
				GCC_WARN_64_TO_32_BIT_CONVERSION = YES;
				GCC_WARN_ABOUT_RETURN_TYPE = YES_ERROR;
				GCC_WARN_UNDECLARED_SELECTOR = YES;
				GCC_WARN_UNINITIALIZED_AUTOS = YES_AGGRESSIVE;
				GCC_WARN_UNUSED_FUNCTION = YES;
				GCC_WARN_UNUSED_VARIABLE = YES;
				IPHONEOS_DEPLOYMENT_TARGET = 9.3;
				MTL_ENABLE_DEBUG_INFO = NO;
				SDKROOT = iphoneos;
				TARGETED_DEVICE_FAMILY = "1,2";
				VALIDATE_PRODUCT = YES;
			};
			name = Release;
		};
		DF08E72E1D08147E00ACDFEB /* Debug */ = {
			isa = XCBuildConfiguration;
			buildSettings = {
				ASSETCATALOG_COMPILER_APPICON_NAME = AppIcon;
				INFOPLIST_FILE = brackout/Info.plist;
				LD_RUNPATH_SEARCH_PATHS = "$(inherited) @executable_path/Frameworks";
				PRODUCT_BUNDLE_IDENTIFIER = han.ica.mad.dt.daniilpimenau.brackout;
				PRODUCT_NAME = "$(TARGET_NAME)";
			};
			name = Debug;
		};
		DF08E72F1D08147E00ACDFEB /* Release */ = {
			isa = XCBuildConfiguration;
			buildSettings = {
				ASSETCATALOG_COMPILER_APPICON_NAME = AppIcon;
				INFOPLIST_FILE = brackout/Info.plist;
				LD_RUNPATH_SEARCH_PATHS = "$(inherited) @executable_path/Frameworks";
				PRODUCT_BUNDLE_IDENTIFIER = han.ica.mad.dt.daniilpimenau.brackout;
				PRODUCT_NAME = "$(TARGET_NAME)";
			};
			name = Release;
		};
/* End XCBuildConfiguration section */

/* Begin XCConfigurationList section */
		DF08E7161D08147E00ACDFEB /* Build configuration list for PBXProject "brackout" */ = {
			isa = XCConfigurationList;
			buildConfigurations = (
				DF08E72B1D08147E00ACDFEB /* Debug */,
				DF08E72C1D08147E00ACDFEB /* Release */,
			);
			defaultConfigurationIsVisible = 0;
			defaultConfigurationName = Release;
		};
		DF08E72D1D08147E00ACDFEB /* Build configuration list for PBXNativeTarget "brackout" */ = {
			isa = XCConfigurationList;
			buildConfigurations = (
				DF08E72E1D08147E00ACDFEB /* Debug */,
				DF08E72F1D08147E00ACDFEB /* Release */,
			);
			defaultConfigurationIsVisible = 0;
		};
/* End XCConfigurationList section */
	};
	rootObject = DF08E7131D08147E00ACDFEB /* Project object */;
}
